
Microsoft Visual Studio Solution File, Format Version 12.00
# Visual Studio Version 17
VisualStudioVersion = 17.8.34601.278
MinimumVisualStudioVersion = 10.0.40219.1
Project("{9A19103F-16F7-4668-BE54-9A1E7A4F7556}") = "PaintForms", "PaintForms\PaintForms.csproj", "{4A5FE282-1186-4458-91A1-04AA9231970F}"
EndProject
Global
	GlobalSection(SolutionConfigurationPlatforms) = preSolution
		Debug|Any CPU = Debug|Any CPU
		Release|Any CPU = Release|Any CPU
	EndGlobalSection
	GlobalSection(ProjectConfigurationPlatforms) = postSolution
		{4A5FE282-1186-4458-91A1-04AA9231970F}.Debug|Any CPU.ActiveCfg = Debug|Any CPU
		{4A5FE282-1186-4458-91A1-04AA9231970F}.Debug|Any CPU.Build.0 = Debug|Any CPU
		{4A5FE282-1186-4458-91A1-04AA9231970F}.Release|Any CPU.ActiveCfg = Release|Any CPU
		{4A5FE282-1186-4458-91A1-04AA9231970F}.Release|Any CPU.Build.0 = Release|Any CPU
	EndGlobalSection
	GlobalSection(SolutionProperties) = preSolution
		HideSolutionNode = FALSE
	EndGlobalSection
	GlobalSection(ExtensibilityGlobals) = postSolution
		SolutionGuid = {7913EA30-C826-4660-BE4B-167D1C2ABBAA}
	EndGlobalSection
EndGlobal
